// !$*UTF8*$!
{
	archiveVersion = 1;
	classes = {
	};
	objectVersion = 46;
	objects = {

/* Begin PBXBuildFile section */
		4F1F049F1B7BA39500F8D3C6 /* www in Resources */ = {isa = PBXBuildFile; fileRef = 4F1F049E1B7BA39500F8D3C6 /* www */; };
		4F1F04B41B7BCB6500F8D3C6 /* ServiceProtocolTestHelper.swift in Sources */ = {isa = PBXBuildFile; fileRef = 4F1F04B31B7BCB6500F8D3C6 /* ServiceProtocolTestHelper.swift */; };
		4F28057A1BE27B100040733F /* PredixAppTests.swift in Sources */ = {isa = PBXBuildFile; fileRef = 4F2805791BE27B100040733F /* PredixAppTests.swift */; };
		4F33735B1B8E83E700BDAFE5 /* PredixMobileSDK.framework in Embed Frameworks */ = {isa = PBXBuildFile; fileRef = 4F4409FF1B78FE7B00947FCC /* PredixMobileSDK.framework */; settings = {ATTRIBUTES = (CodeSignOnCopy, RemoveHeadersOnCopy, ); }; };
		4F35DFA41BD9589100810A6E /* TestViewController.swift in Sources */ = {isa = PBXBuildFile; fileRef = 4F35DFA31BD9589100810A6E /* TestViewController.swift */; };
		4F4409CD1B78FD5C00947FCC /* Main.storyboard in Resources */ = {isa = PBXBuildFile; fileRef = 4F4409CB1B78FD5C00947FCC /* Main.storyboard */; };
		4F4409CF1B78FD5C00947FCC /* Assets.xcassets in Resources */ = {isa = PBXBuildFile; fileRef = 4F4409CE1B78FD5C00947FCC /* Assets.xcassets */; };
		4F4409D21B78FD5C00947FCC /* LaunchScreen.storyboard in Resources */ = {isa = PBXBuildFile; fileRef = 4F4409D01B78FD5C00947FCC /* LaunchScreen.storyboard */; };
		4F4409E81B78FD5C00947FCC /* PredixMobileReferenceAppUITests.swift in Sources */ = {isa = PBXBuildFile; fileRef = 4F4409E71B78FD5C00947FCC /* PredixMobileReferenceAppUITests.swift */; };
		4F440A041B78FE9E00947FCC /* libsqlite3.tbd in Frameworks */ = {isa = PBXBuildFile; fileRef = 4F440A031B78FE9E00947FCC /* libsqlite3.tbd */; };
		4F440A061B78FEA500947FCC /* libz.tbd in Frameworks */ = {isa = PBXBuildFile; fileRef = 4F440A051B78FEA500947FCC /* libz.tbd */; };
		4F7A1AF81B792A8200450950 /* AppDelegate.swift in Sources */ = {isa = PBXBuildFile; fileRef = 4F7A1AF51B792A8200450950 /* AppDelegate.swift */; };
		4F7A1AF91B792A8200450950 /* ViewController.swift in Sources */ = {isa = PBXBuildFile; fileRef = 4F7A1AF71B792A8200450950 /* ViewController.swift */; };
		4F842ECE1B8E7036003873A3 /* SystemConfiguration.framework in Frameworks */ = {isa = PBXBuildFile; fileRef = 4F842ECD1B8E7035003873A3 /* SystemConfiguration.framework */; };
		4F842ED01B8E7040003873A3 /* Security.framework in Frameworks */ = {isa = PBXBuildFile; fileRef = 4F842ECF1B8E7040003873A3 /* Security.framework */; };
		4F842ED21B8E7048003873A3 /* CFNetwork.framework in Frameworks */ = {isa = PBXBuildFile; fileRef = 4F842ED11B8E7048003873A3 /* CFNetwork.framework */; };
		4FA08DCF1BBB355A006FD087 /* Localizable.strings in Resources */ = {isa = PBXBuildFile; fileRef = 4FA08DCD1BBB355A006FD087 /* Localizable.strings */; };
		4FE6B2C31B87D48D00A56F50 /* PredixMobileSDK.framework in Frameworks */ = {isa = PBXBuildFile; fileRef = 4F4409FF1B78FE7B00947FCC /* PredixMobileSDK.framework */; };
		C88BC64F1B851D360008B92E /* Settings.bundle in Resources */ = {isa = PBXBuildFile; fileRef = C88BC64E1B851D360008B92E /* Settings.bundle */; };
/* End PBXBuildFile section */

/* Begin PBXContainerItemProxy section */
		4F4409D91B78FD5C00947FCC /* PBXContainerItemProxy */ = {
			isa = PBXContainerItemProxy;
			containerPortal = 4F4409BC1B78FD5C00947FCC /* Project object */;
			proxyType = 1;
			remoteGlobalIDString = 4F4409C31B78FD5C00947FCC;
			remoteInfo = PredixMobileReferenceApp;
		};
		4F4409E41B78FD5C00947FCC /* PBXContainerItemProxy */ = {
			isa = PBXContainerItemProxy;
			containerPortal = 4F4409BC1B78FD5C00947FCC /* Project object */;
			proxyType = 1;
			remoteGlobalIDString = 4F4409C31B78FD5C00947FCC;
			remoteInfo = PredixMobileReferenceApp;
		};
/* End PBXContainerItemProxy section */

/* Begin PBXCopyFilesBuildPhase section */
		4F440A0D1B79224B00947FCC /* Embed Frameworks */ = {
			isa = PBXCopyFilesBuildPhase;
			buildActionMask = 2147483647;
			dstPath = "";
			dstSubfolderSpec = 10;
			files = (
				4F33735B1B8E83E700BDAFE5 /* PredixMobileSDK.framework in Embed Frameworks */,
			);
			name = "Embed Frameworks";
			runOnlyForDeploymentPostprocessing = 0;
		};
/* End PBXCopyFilesBuildPhase section */

/* Begin PBXFileReference section */
		4F1527D01BA3A59A00A335D2 /* module.modulemap */ = {isa = PBXFileReference; fileEncoding = 4; lastKnownFileType = "sourcecode.module-map"; path = module.modulemap; sourceTree = "<group>"; };
		4F1F049E1B7BA39500F8D3C6 /* www */ = {isa = PBXFileReference; lastKnownFileType = folder; path = www; sourceTree = "<group>"; };
		4F1F04B31B7BCB6500F8D3C6 /* ServiceProtocolTestHelper.swift */ = {isa = PBXFileReference; fileEncoding = 4; lastKnownFileType = sourcecode.swift; path = ServiceProtocolTestHelper.swift; sourceTree = "<group>"; };
		4F2805791BE27B100040733F /* PredixAppTests.swift */ = {isa = PBXFileReference; fileEncoding = 4; lastKnownFileType = sourcecode.swift; path = PredixAppTests.swift; sourceTree = "<group>"; };
		4F35DFA31BD9589100810A6E /* TestViewController.swift */ = {isa = PBXFileReference; fileEncoding = 4; lastKnownFileType = sourcecode.swift; path = TestViewController.swift; sourceTree = "<group>"; };
		4F4409C41B78FD5C00947FCC /* PredixMobileReferenceApp.app */ = {isa = PBXFileReference; explicitFileType = wrapper.application; includeInIndex = 0; path = PredixMobileReferenceApp.app; sourceTree = BUILT_PRODUCTS_DIR; };
		4F4409CC1B78FD5C00947FCC /* Base */ = {isa = PBXFileReference; lastKnownFileType = file.storyboard; name = Base; path = Base.lproj/Main.storyboard; sourceTree = "<group>"; };
		4F4409CE1B78FD5C00947FCC /* Assets.xcassets */ = {isa = PBXFileReference; lastKnownFileType = folder.assetcatalog; path = Assets.xcassets; sourceTree = "<group>"; };
		4F4409D11B78FD5C00947FCC /* Base */ = {isa = PBXFileReference; lastKnownFileType = file.storyboard; name = Base; path = Base.lproj/LaunchScreen.storyboard; sourceTree = "<group>"; };
		4F4409D31B78FD5C00947FCC /* Info.plist */ = {isa = PBXFileReference; lastKnownFileType = text.plist.xml; path = Info.plist; sourceTree = "<group>"; };
		4F4409D81B78FD5C00947FCC /* PredixMobileReferenceAppTests.xctest */ = {isa = PBXFileReference; explicitFileType = wrapper.cfbundle; includeInIndex = 0; path = PredixMobileReferenceAppTests.xctest; sourceTree = BUILT_PRODUCTS_DIR; };
		4F4409DE1B78FD5C00947FCC /* Info.plist */ = {isa = PBXFileReference; lastKnownFileType = text.plist.xml; path = Info.plist; sourceTree = "<group>"; };
		4F4409E31B78FD5C00947FCC /* PredixMobileReferenceAppUITests.xctest */ = {isa = PBXFileReference; explicitFileType = wrapper.cfbundle; includeInIndex = 0; path = PredixMobileReferenceAppUITests.xctest; sourceTree = BUILT_PRODUCTS_DIR; };
		4F4409E71B78FD5C00947FCC /* PredixMobileReferenceAppUITests.swift */ = {isa = PBXFileReference; lastKnownFileType = sourcecode.swift; path = PredixMobileReferenceAppUITests.swift; sourceTree = "<group>"; };
		4F4409E91B78FD5C00947FCC /* Info.plist */ = {isa = PBXFileReference; lastKnownFileType = text.plist.xml; path = Info.plist; sourceTree = "<group>"; };
		4F4409FF1B78FE7B00947FCC /* PredixMobileSDK.framework */ = {isa = PBXFileReference; lastKnownFileType = wrapper.framework; path = PredixMobileSDK.framework; sourceTree = "<group>"; };
		4F440A031B78FE9E00947FCC /* libsqlite3.tbd */ = {isa = PBXFileReference; lastKnownFileType = "sourcecode.text-based-dylib-definition"; name = libsqlite3.tbd; path = usr/lib/libsqlite3.tbd; sourceTree = SDKROOT; };
		4F440A051B78FEA500947FCC /* libz.tbd */ = {isa = PBXFileReference; lastKnownFileType = "sourcecode.text-based-dylib-definition"; name = libz.tbd; path = usr/lib/libz.tbd; sourceTree = SDKROOT; };
		4F7A1AF51B792A8200450950 /* AppDelegate.swift */ = {isa = PBXFileReference; fileEncoding = 4; lastKnownFileType = sourcecode.swift; lineEnding = 0; path = AppDelegate.swift; sourceTree = "<group>"; xcLanguageSpecificationIdentifier = xcode.lang.swift; };
		4F7A1AF71B792A8200450950 /* ViewController.swift */ = {isa = PBXFileReference; fileEncoding = 4; lastKnownFileType = sourcecode.swift; path = ViewController.swift; sourceTree = "<group>"; };
		4F842ECD1B8E7035003873A3 /* SystemConfiguration.framework */ = {isa = PBXFileReference; lastKnownFileType = wrapper.framework; name = SystemConfiguration.framework; path = System/Library/Frameworks/SystemConfiguration.framework; sourceTree = SDKROOT; };
		4F842ECF1B8E7040003873A3 /* Security.framework */ = {isa = PBXFileReference; lastKnownFileType = wrapper.framework; name = Security.framework; path = System/Library/Frameworks/Security.framework; sourceTree = SDKROOT; };
		4F842ED11B8E7048003873A3 /* CFNetwork.framework */ = {isa = PBXFileReference; lastKnownFileType = wrapper.framework; name = CFNetwork.framework; path = System/Library/Frameworks/CFNetwork.framework; sourceTree = SDKROOT; };
		4FA08DCE1BBB355A006FD087 /* Base */ = {isa = PBXFileReference; lastKnownFileType = text.plist.strings; name = Base; path = Base.lproj/Localizable.strings; sourceTree = "<group>"; };
		C88BC64E1B851D360008B92E /* Settings.bundle */ = {isa = PBXFileReference; lastKnownFileType = "wrapper.plug-in"; path = Settings.bundle; sourceTree = "<group>"; };
/* End PBXFileReference section */

/* Begin PBXFrameworksBuildPhase section */
		4F4409C11B78FD5C00947FCC /* Frameworks */ = {
			isa = PBXFrameworksBuildPhase;
			buildActionMask = 2147483647;
			files = (
				4F440A061B78FEA500947FCC /* libz.tbd in Frameworks */,
				4F440A041B78FE9E00947FCC /* libsqlite3.tbd in Frameworks */,
				4F842ECE1B8E7036003873A3 /* SystemConfiguration.framework in Frameworks */,
				4F842ED01B8E7040003873A3 /* Security.framework in Frameworks */,
				4F842ED21B8E7048003873A3 /* CFNetwork.framework in Frameworks */,
				4FE6B2C31B87D48D00A56F50 /* PredixMobileSDK.framework in Frameworks */,
			);
			runOnlyForDeploymentPostprocessing = 0;
		};
		4F4409D51B78FD5C00947FCC /* Frameworks */ = {
			isa = PBXFrameworksBuildPhase;
			buildActionMask = 2147483647;
			files = (
			);
			runOnlyForDeploymentPostprocessing = 0;
		};
		4F4409E01B78FD5C00947FCC /* Frameworks */ = {
			isa = PBXFrameworksBuildPhase;
			buildActionMask = 2147483647;
			files = (
			);
			runOnlyForDeploymentPostprocessing = 0;
		};
/* End PBXFrameworksBuildPhase section */

/* Begin PBXGroup section */
		4F1527CF1BA3A58800A335D2 /* CouchbaseLite */ = {
			isa = PBXGroup;
			children = (
				4F1527D01BA3A59A00A335D2 /* module.modulemap */,
			);
			path = CouchbaseLite;
			sourceTree = "<group>";
		};
		4F4409BB1B78FD5C00947FCC = {
			isa = PBXGroup;
			children = (
				C88BC64E1B851D360008B92E /* Settings.bundle */,
				4F4409FC1B78FE7B00947FCC /* Frameworks */,
				4F4409C61B78FD5C00947FCC /* PredixMobileReferenceApp */,
				4F4409DB1B78FD5C00947FCC /* PredixMobileReferenceAppTests */,
				4F4409E61B78FD5C00947FCC /* PredixMobileReferenceAppUITests */,
				4F4409C51B78FD5C00947FCC /* Products */,
			);
			sourceTree = "<group>";
		};
		4F4409C51B78FD5C00947FCC /* Products */ = {
			isa = PBXGroup;
			children = (
				4F4409C41B78FD5C00947FCC /* PredixMobileReferenceApp.app */,
				4F4409D81B78FD5C00947FCC /* PredixMobileReferenceAppTests.xctest */,
				4F4409E31B78FD5C00947FCC /* PredixMobileReferenceAppUITests.xctest */,
			);
			name = Products;
			sourceTree = "<group>";
		};
		4F4409C61B78FD5C00947FCC /* PredixMobileReferenceApp */ = {
			isa = PBXGroup;
			children = (
				4F1527CF1BA3A58800A335D2 /* CouchbaseLite */,
				4F7A1AF41B792A8200450950 /* Classes */,
				4F4409CB1B78FD5C00947FCC /* Main.storyboard */,
				4F4409CE1B78FD5C00947FCC /* Assets.xcassets */,
				4F4409D01B78FD5C00947FCC /* LaunchScreen.storyboard */,
				4F4409D31B78FD5C00947FCC /* Info.plist */,
				4F1F049E1B7BA39500F8D3C6 /* www */,
				4FA08DCD1BBB355A006FD087 /* Localizable.strings */,
			);
			path = PredixMobileReferenceApp;
			sourceTree = "<group>";
		};
		4F4409DB1B78FD5C00947FCC /* PredixMobileReferenceAppTests */ = {
			isa = PBXGroup;
			children = (
				4F4409DE1B78FD5C00947FCC /* Info.plist */,
				4F2805791BE27B100040733F /* PredixAppTests.swift */,
				4F1F04B31B7BCB6500F8D3C6 /* ServiceProtocolTestHelper.swift */,
				4F35DFA31BD9589100810A6E /* TestViewController.swift */,
			);
			path = PredixMobileReferenceAppTests;
			sourceTree = "<group>";
		};
		4F4409E61B78FD5C00947FCC /* PredixMobileReferenceAppUITests */ = {
			isa = PBXGroup;
			children = (
				4F4409E71B78FD5C00947FCC /* PredixMobileReferenceAppUITests.swift */,
				4F4409E91B78FD5C00947FCC /* Info.plist */,
			);
			path = PredixMobileReferenceAppUITests;
			sourceTree = "<group>";
		};
		4F4409FC1B78FE7B00947FCC /* Frameworks */ = {
			isa = PBXGroup;
			children = (
				4F842ED11B8E7048003873A3 /* CFNetwork.framework */,
				4F842ECF1B8E7040003873A3 /* Security.framework */,
				4F842ECD1B8E7035003873A3 /* SystemConfiguration.framework */,
				4F440A051B78FEA500947FCC /* libz.tbd */,
				4F440A031B78FE9E00947FCC /* libsqlite3.tbd */,
				4F4409FF1B78FE7B00947FCC /* PredixMobileSDK.framework */,
			);
			path = Frameworks;
			sourceTree = "<group>";
		};
		4F7A1AF41B792A8200450950 /* Classes */ = {
			isa = PBXGroup;
			children = (
				4F7A1AF51B792A8200450950 /* AppDelegate.swift */,
				4F7A1AF71B792A8200450950 /* ViewController.swift */,
			);
			path = Classes;
			sourceTree = "<group>";
		};
/* End PBXGroup section */

/* Begin PBXNativeTarget section */
		4F4409C31B78FD5C00947FCC /* PredixMobileReferenceApp */ = {
			isa = PBXNativeTarget;
			buildConfigurationList = 4F4409EC1B78FD5C00947FCC /* Build configuration list for PBXNativeTarget "PredixMobileReferenceApp" */;
			buildPhases = (
				4F4409C01B78FD5C00947FCC /* Sources */,
				4F4409C11B78FD5C00947FCC /* Frameworks */,
				4F4409C21B78FD5C00947FCC /* Resources */,
				4F440A0D1B79224B00947FCC /* Embed Frameworks */,
				4FBB011F1BE296E1006FD6EC /* ShellScript */,
			);
			buildRules = (
			);
			dependencies = (
			);
			name = PredixMobileReferenceApp;
			productName = PredixMobileReferenceApp;
			productReference = 4F4409C41B78FD5C00947FCC /* PredixMobileReferenceApp.app */;
			productType = "com.apple.product-type.application";
		};
		4F4409D71B78FD5C00947FCC /* PredixMobileReferenceAppTests */ = {
			isa = PBXNativeTarget;
			buildConfigurationList = 4F4409EF1B78FD5C00947FCC /* Build configuration list for PBXNativeTarget "PredixMobileReferenceAppTests" */;
			buildPhases = (
				4F4409D41B78FD5C00947FCC /* Sources */,
				4F4409D51B78FD5C00947FCC /* Frameworks */,
				4F4409D61B78FD5C00947FCC /* Resources */,
			);
			buildRules = (
			);
			dependencies = (
				4F4409DA1B78FD5C00947FCC /* PBXTargetDependency */,
			);
			name = PredixMobileReferenceAppTests;
			productName = PredixMobileReferenceAppTests;
			productReference = 4F4409D81B78FD5C00947FCC /* PredixMobileReferenceAppTests.xctest */;
			productType = "com.apple.product-type.bundle.unit-test";
		};
		4F4409E21B78FD5C00947FCC /* PredixMobileReferenceAppUITests */ = {
			isa = PBXNativeTarget;
			buildConfigurationList = 4F4409F21B78FD5C00947FCC /* Build configuration list for PBXNativeTarget "PredixMobileReferenceAppUITests" */;
			buildPhases = (
				4F4409DF1B78FD5C00947FCC /* Sources */,
				4F4409E01B78FD5C00947FCC /* Frameworks */,
				4F4409E11B78FD5C00947FCC /* Resources */,
			);
			buildRules = (
			);
			dependencies = (
				4F4409E51B78FD5C00947FCC /* PBXTargetDependency */,
			);
			name = PredixMobileReferenceAppUITests;
			productName = PredixMobileReferenceAppUITests;
			productReference = 4F4409E31B78FD5C00947FCC /* PredixMobileReferenceAppUITests.xctest */;
			productType = "com.apple.product-type.bundle.ui-testing";
		};
/* End PBXNativeTarget section */

/* Begin PBXProject section */
		4F4409BC1B78FD5C00947FCC /* Project object */ = {
			isa = PBXProject;
			attributes = {
				LastUpgradeCheck = 0700;
				ORGANIZATIONNAME = GE;
				TargetAttributes = {
					4F4409C31B78FD5C00947FCC = {
						CreatedOnToolsVersion = 7.0;
						DevelopmentTeam = BNHQX767J6;
					};
					4F4409D71B78FD5C00947FCC = {
						CreatedOnToolsVersion = 7.0;
						TestTargetID = 4F4409C31B78FD5C00947FCC;
					};
					4F4409E21B78FD5C00947FCC = {
						CreatedOnToolsVersion = 7.0;
						TestTargetID = 4F4409C31B78FD5C00947FCC;
					};
				};
			};
			buildConfigurationList = 4F4409BF1B78FD5C00947FCC /* Build configuration list for PBXProject "PredixMobileReferenceApp" */;
			compatibilityVersion = "Xcode 3.2";
			developmentRegion = English;
			hasScannedForEncodings = 0;
			knownRegions = (
				en,
				Base,
			);
			mainGroup = 4F4409BB1B78FD5C00947FCC;
			productRefGroup = 4F4409C51B78FD5C00947FCC /* Products */;
			projectDirPath = "";
			projectRoot = "";
			targets = (
				4F4409C31B78FD5C00947FCC /* PredixMobileReferenceApp */,
				4F4409D71B78FD5C00947FCC /* PredixMobileReferenceAppTests */,
				4F4409E21B78FD5C00947FCC /* PredixMobileReferenceAppUITests */,
			);
		};
/* End PBXProject section */

/* Begin PBXResourcesBuildPhase section */
		4F4409C21B78FD5C00947FCC /* Resources */ = {
			isa = PBXResourcesBuildPhase;
			buildActionMask = 2147483647;
			files = (
				4F1F049F1B7BA39500F8D3C6 /* www in Resources */,
				4F4409D21B78FD5C00947FCC /* LaunchScreen.storyboard in Resources */,
				C88BC64F1B851D360008B92E /* Settings.bundle in Resources */,
				4F4409CF1B78FD5C00947FCC /* Assets.xcassets in Resources */,
				4F4409CD1B78FD5C00947FCC /* Main.storyboard in Resources */,
				4FA08DCF1BBB355A006FD087 /* Localizable.strings in Resources */,
			);
			runOnlyForDeploymentPostprocessing = 0;
		};
		4F4409D61B78FD5C00947FCC /* Resources */ = {
			isa = PBXResourcesBuildPhase;
			buildActionMask = 2147483647;
			files = (
			);
			runOnlyForDeploymentPostprocessing = 0;
		};
		4F4409E11B78FD5C00947FCC /* Resources */ = {
			isa = PBXResourcesBuildPhase;
			buildActionMask = 2147483647;
			files = (
			);
			runOnlyForDeploymentPostprocessing = 0;
		};
/* End PBXResourcesBuildPhase section */

/* Begin PBXShellScriptBuildPhase section */
		4FBB011F1BE296E1006FD6EC /* ShellScript */ = {
			isa = PBXShellScriptBuildPhase;
			buildActionMask = 2147483647;
			files = (
			);
			inputPaths = (
			);
			outputPaths = (
			);
			runOnlyForDeploymentPostprocessing = 0;
			shellPath = /bin/sh;
			shellScript = "APP_PATH=\"${TARGET_BUILD_DIR}/${WRAPPER_NAME}\"\n\n# This script loops through the frameworks embedded in the application and\n# removes unused architectures.\nfind \"$APP_PATH\" -name '*.framework' -type d | while read -r FRAMEWORK\ndo\nFRAMEWORK_EXECUTABLE_NAME=$(defaults read \"$FRAMEWORK/Info.plist\" CFBundleExecutable)\nFRAMEWORK_EXECUTABLE_PATH=\"$FRAMEWORK/$FRAMEWORK_EXECUTABLE_NAME\"\necho \"Executable is $FRAMEWORK_EXECUTABLE_PATH\"\n\nEXTRACTED_ARCHS=()\n\nfor ARCH in $ARCHS\ndo\necho \"Extracting $ARCH from $FRAMEWORK_EXECUTABLE_NAME\"\nlipo -extract \"$ARCH\" \"$FRAMEWORK_EXECUTABLE_PATH\" -o \"$FRAMEWORK_EXECUTABLE_PATH-$ARCH\"\nEXTRACTED_ARCHS+=(\"$FRAMEWORK_EXECUTABLE_PATH-$ARCH\")\ndone\n\necho \"Merging extracted architectures: ${ARCHS}\"\nlipo -o \"$FRAMEWORK_EXECUTABLE_PATH-merged\" -create \"${EXTRACTED_ARCHS[@]}\"\nrm \"${EXTRACTED_ARCHS[@]}\"\n\necho \"Replacing original executable with thinned version\"\nrm \"$FRAMEWORK_EXECUTABLE_PATH\"\nmv \"$FRAMEWORK_EXECUTABLE_PATH-merged\" \"$FRAMEWORK_EXECUTABLE_PATH\"\n\ndone";
		};
/* End PBXShellScriptBuildPhase section */

/* Begin PBXSourcesBuildPhase section */
		4F4409C01B78FD5C00947FCC /* Sources */ = {
			isa = PBXSourcesBuildPhase;
			buildActionMask = 2147483647;
			files = (
				4F7A1AF91B792A8200450950 /* ViewController.swift in Sources */,
				4F7A1AF81B792A8200450950 /* AppDelegate.swift in Sources */,
			);
			runOnlyForDeploymentPostprocessing = 0;
		};
		4F4409D41B78FD5C00947FCC /* Sources */ = {
			isa = PBXSourcesBuildPhase;
			buildActionMask = 2147483647;
			files = (
				4F1F04B41B7BCB6500F8D3C6 /* ServiceProtocolTestHelper.swift in Sources */,
				4F35DFA41BD9589100810A6E /* TestViewController.swift in Sources */,
				4F28057A1BE27B100040733F /* PredixAppTests.swift in Sources */,
			);
			runOnlyForDeploymentPostprocessing = 0;
		};
		4F4409DF1B78FD5C00947FCC /* Sources */ = {
			isa = PBXSourcesBuildPhase;
			buildActionMask = 2147483647;
			files = (
				4F4409E81B78FD5C00947FCC /* PredixMobileReferenceAppUITests.swift in Sources */,
			);
			runOnlyForDeploymentPostprocessing = 0;
		};
/* End PBXSourcesBuildPhase section */

/* Begin PBXTargetDependency section */
		4F4409DA1B78FD5C00947FCC /* PBXTargetDependency */ = {
			isa = PBXTargetDependency;
			target = 4F4409C31B78FD5C00947FCC /* PredixMobileReferenceApp */;
			targetProxy = 4F4409D91B78FD5C00947FCC /* PBXContainerItemProxy */;
		};
		4F4409E51B78FD5C00947FCC /* PBXTargetDependency */ = {
			isa = PBXTargetDependency;
			target = 4F4409C31B78FD5C00947FCC /* PredixMobileReferenceApp */;
			targetProxy = 4F4409E41B78FD5C00947FCC /* PBXContainerItemProxy */;
		};
/* End PBXTargetDependency section */

/* Begin PBXVariantGroup section */
		4F4409CB1B78FD5C00947FCC /* Main.storyboard */ = {
			isa = PBXVariantGroup;
			children = (
				4F4409CC1B78FD5C00947FCC /* Base */,
			);
			name = Main.storyboard;
			sourceTree = "<group>";
		};
		4F4409D01B78FD5C00947FCC /* LaunchScreen.storyboard */ = {
			isa = PBXVariantGroup;
			children = (
				4F4409D11B78FD5C00947FCC /* Base */,
			);
			name = LaunchScreen.storyboard;
			sourceTree = "<group>";
		};
		4FA08DCD1BBB355A006FD087 /* Localizable.strings */ = {
			isa = PBXVariantGroup;
			children = (
				4FA08DCE1BBB355A006FD087 /* Base */,
			);
			name = Localizable.strings;
			sourceTree = "<group>";
		};
/* End PBXVariantGroup section */

/* Begin XCBuildConfiguration section */
		4F4409EA1B78FD5C00947FCC /* Debug */ = {
			isa = XCBuildConfiguration;
			buildSettings = {
				ALWAYS_SEARCH_USER_PATHS = NO;
				CLANG_CXX_LANGUAGE_STANDARD = "gnu++0x";
				CLANG_CXX_LIBRARY = "libc++";
				CLANG_ENABLE_MODULES = YES;
				CLANG_ENABLE_OBJC_ARC = YES;
				CLANG_WARN_BOOL_CONVERSION = YES;
				CLANG_WARN_CONSTANT_CONVERSION = YES;
				CLANG_WARN_DIRECT_OBJC_ISA_USAGE = YES_ERROR;
				CLANG_WARN_EMPTY_BODY = YES;
				CLANG_WARN_ENUM_CONVERSION = YES;
				CLANG_WARN_INT_CONVERSION = YES;
				CLANG_WARN_OBJC_ROOT_CLASS = YES_ERROR;
				CLANG_WARN_UNREACHABLE_CODE = YES;
				CLANG_WARN__DUPLICATE_METHOD_MATCH = YES;
				COPY_PHASE_STRIP = NO;
				DEBUG_INFORMATION_FORMAT = dwarf;
				ENABLE_STRICT_OBJC_MSGSEND = YES;
				ENABLE_TESTABILITY = YES;
				GCC_C_LANGUAGE_STANDARD = gnu99;
				GCC_DYNAMIC_NO_PIC = NO;
				GCC_NO_COMMON_BLOCKS = YES;
				GCC_OPTIMIZATION_LEVEL = 0;
				GCC_PREPROCESSOR_DEFINITIONS = (
					"DEBUG=1",
					"$(inherited)",
				);
				GCC_WARN_64_TO_32_BIT_CONVERSION = YES;
				GCC_WARN_ABOUT_RETURN_TYPE = YES_ERROR;
				GCC_WARN_UNDECLARED_SELECTOR = YES;
				GCC_WARN_UNINITIALIZED_AUTOS = YES_AGGRESSIVE;
				GCC_WARN_UNUSED_FUNCTION = YES;
				GCC_WARN_UNUSED_VARIABLE = YES;
				IPHONEOS_DEPLOYMENT_TARGET = 9.0;
				MTL_ENABLE_DEBUG_INFO = YES;
				ONLY_ACTIVE_ARCH = YES;
				OTHER_LDFLAGS = (
					"-ObjC",
					"-all_load",
				);
				SDKROOT = iphoneos;
				SWIFT_OPTIMIZATION_LEVEL = "-Onone";
				TARGETED_DEVICE_FAMILY = "1,2";
			};
			name = Debug;
		};
		4F4409EB1B78FD5C00947FCC /* Release */ = {
			isa = XCBuildConfiguration;
			buildSettings = {
				ALWAYS_SEARCH_USER_PATHS = NO;
				CLANG_CXX_LANGUAGE_STANDARD = "gnu++0x";
				CLANG_CXX_LIBRARY = "libc++";
				CLANG_ENABLE_MODULES = YES;
				CLANG_ENABLE_OBJC_ARC = YES;
				CLANG_WARN_BOOL_CONVERSION = YES;
				CLANG_WARN_CONSTANT_CONVERSION = YES;
				CLANG_WARN_DIRECT_OBJC_ISA_USAGE = YES_ERROR;
				CLANG_WARN_EMPTY_BODY = YES;
				CLANG_WARN_ENUM_CONVERSION = YES;
				CLANG_WARN_INT_CONVERSION = YES;
				CLANG_WARN_OBJC_ROOT_CLASS = YES_ERROR;
				CLANG_WARN_UNREACHABLE_CODE = YES;
				CLANG_WARN__DUPLICATE_METHOD_MATCH = YES;
				COPY_PHASE_STRIP = NO;
				DEBUG_INFORMATION_FORMAT = "dwarf-with-dsym";
				ENABLE_NS_ASSERTIONS = NO;
				ENABLE_STRICT_OBJC_MSGSEND = YES;
				GCC_C_LANGUAGE_STANDARD = gnu99;
				GCC_NO_COMMON_BLOCKS = YES;
				GCC_WARN_64_TO_32_BIT_CONVERSION = YES;
				GCC_WARN_ABOUT_RETURN_TYPE = YES_ERROR;
				GCC_WARN_UNDECLARED_SELECTOR = YES;
				GCC_WARN_UNINITIALIZED_AUTOS = YES_AGGRESSIVE;
				GCC_WARN_UNUSED_FUNCTION = YES;
				GCC_WARN_UNUSED_VARIABLE = YES;
				IPHONEOS_DEPLOYMENT_TARGET = 9.0;
				MTL_ENABLE_DEBUG_INFO = NO;
				OTHER_LDFLAGS = (
					"-ObjC",
					"-all_load",
				);
				SDKROOT = iphoneos;
				TARGETED_DEVICE_FAMILY = "1,2";
				VALIDATE_PRODUCT = YES;
			};
			name = Release;
		};
		4F4409ED1B78FD5C00947FCC /* Debug */ = {
			isa = XCBuildConfiguration;
			buildSettings = {
				ASSETCATALOG_COMPILER_APPICON_NAME = AppIcon;
				ASSETCATALOG_COMPILER_LAUNCHIMAGE_NAME = LaunchImage;
				CODE_SIGN_IDENTITY = "iPhone Developer";
				EMBEDDED_CONTENT_CONTAINS_SWIFT = YES;
				ENABLE_BITCODE = NO;
				ENABLE_ON_DEMAND_RESOURCES = NO;
				FRAMEWORK_SEARCH_PATHS = (
					"$(inherited)",
					"$(PROJECT_DIR)/Frameworks",
				);
				GCC_GENERATE_TEST_COVERAGE_FILES = YES;
				GCC_INSTRUMENT_PROGRAM_FLOW_ARCS = YES;
				INFOPLIST_FILE = PredixMobileReferenceApp/Info.plist;
				IPHONEOS_DEPLOYMENT_TARGET = 8.0;
				LD_RUNPATH_SEARCH_PATHS = "$(inherited) @executable_path/Frameworks";
				LIBRARY_SEARCH_PATHS = "$(PROJECT_DIR)/Frameworks";
				OTHER_SWIFT_FLAGS = "-D DEBUG";
				PRODUCT_BUNDLE_IDENTIFIER = com.ge.ent.PredixMobileReferenceApp;
				PRODUCT_NAME = "$(TARGET_NAME)";
				PROVISIONING_PROFILE = "";
				SWIFT_INCLUDE_PATHS = "${SRCROOT}/${PRODUCT_NAME}/**";
			};
			name = Debug;
		};
		4F4409EE1B78FD5C00947FCC /* Release */ = {
			isa = XCBuildConfiguration;
			buildSettings = {
				ASSETCATALOG_COMPILER_APPICON_NAME = AppIcon;
				ASSETCATALOG_COMPILER_LAUNCHIMAGE_NAME = LaunchImage;
				CLANG_ENABLE_CODE_COVERAGE = NO;
				CODE_SIGN_IDENTITY = "iPhone Developer";
				EMBEDDED_CONTENT_CONTAINS_SWIFT = YES;
				ENABLE_BITCODE = NO;
				ENABLE_ON_DEMAND_RESOURCES = NO;
				FRAMEWORK_SEARCH_PATHS = (
					"$(inherited)",
					"$(PROJECT_DIR)/Frameworks/**",
					"$(PROJECT_DIR)/Frameworks",
				);
				GCC_GENERATE_TEST_COVERAGE_FILES = YES;
				GCC_INSTRUMENT_PROGRAM_FLOW_ARCS = NO;
				INFOPLIST_FILE = PredixMobileReferenceApp/Info.plist;
				IPHONEOS_DEPLOYMENT_TARGET = 8.0;
				LD_RUNPATH_SEARCH_PATHS = "$(inherited) @executable_path/Frameworks";
				LIBRARY_SEARCH_PATHS = "$(PROJECT_DIR)/Frameworks";
				OTHER_SWIFT_FLAGS = "";
				PRODUCT_BUNDLE_IDENTIFIER = com.ge.ent.PredixMobileReferenceApp;
				PRODUCT_NAME = "$(TARGET_NAME)";
				PROVISIONING_PROFILE = "";
				SWIFT_INCLUDE_PATHS = "${SRCROOT}/${PRODUCT_NAME}/**";
			};
			name = Release;
		};
		4F4409F01B78FD5C00947FCC /* Debug */ = {
			isa = XCBuildConfiguration;
			buildSettings = {
				BUNDLE_LOADER = "$(TEST_HOST)";
				CLANG_ENABLE_CODE_COVERAGE = NO;
				FRAMEWORK_SEARCH_PATHS = (
					"$(inherited)",
					"$(PROJECT_DIR)/Frameworks/**",
				);
				INFOPLIST_FILE = PredixMobileReferenceAppTests/Info.plist;
				LD_RUNPATH_SEARCH_PATHS = "$(inherited) @executable_path/Frameworks @loader_path/Frameworks";
				LIBRARY_SEARCH_PATHS = "$(PROJECT_DIR)/Frameworks/**";
				OTHER_LDFLAGS = "";
				PRODUCT_BUNDLE_IDENTIFIER = com.ge.PredixMobileReferenceAppTests;
				PRODUCT_NAME = "$(TARGET_NAME)";
				TEST_HOST = "$(BUILT_PRODUCTS_DIR)/PredixMobileReferenceApp.app/PredixMobileReferenceApp";
			};
			name = Debug;
		};
		4F4409F11B78FD5C00947FCC /* Release */ = {
			isa = XCBuildConfiguration;
			buildSettings = {
				BUNDLE_LOADER = "$(TEST_HOST)";
				CLANG_ENABLE_CODE_COVERAGE = NO;
				FRAMEWORK_SEARCH_PATHS = (
					"$(inherited)",
					"$(PROJECT_DIR)/Frameworks/**",
				);
				INFOPLIST_FILE = PredixMobileReferenceAppTests/Info.plist;
				LD_RUNPATH_SEARCH_PATHS = "$(inherited) @executable_path/Frameworks @loader_path/Frameworks";
				LIBRARY_SEARCH_PATHS = "$(PROJECT_DIR)/Frameworks/**";
				OTHER_LDFLAGS = "";
				PRODUCT_BUNDLE_IDENTIFIER = com.ge.PredixMobileReferenceAppTests;
				PRODUCT_NAME = "$(TARGET_NAME)";
				TEST_HOST = "$(BUILT_PRODUCTS_DIR)/PredixMobileReferenceApp.app/PredixMobileReferenceApp";
			};
			name = Release;
		};
		4F4409F31B78FD5C00947FCC /* Debug */ = {
			isa = XCBuildConfiguration;
			buildSettings = {
				INFOPLIST_FILE = PredixMobileReferenceAppUITests/Info.plist;
				LD_RUNPATH_SEARCH_PATHS = "$(inherited) @executable_path/Frameworks @loader_path/Frameworks";
				PRODUCT_BUNDLE_IDENTIFIER = com.ge.PredixMobileReferenceAppUITests;
				PRODUCT_NAME = "$(TARGET_NAME)";
				TEST_TARGET_NAME = PredixMobileReferenceApp;
				USES_XCTRUNNER = YES;
			};
			name = Debug;
		};
		4F4409F41B78FD5C00947FCC /* Release */ = {
			isa = XCBuildConfiguration;
			buildSettings = {
				INFOPLIST_FILE = PredixMobileReferenceAppUITests/Info.plist;
				LD_RUNPATH_SEARCH_PATHS = "$(inherited) @executable_path/Frameworks @loader_path/Frameworks";
				PRODUCT_BUNDLE_IDENTIFIER = com.ge.PredixMobileReferenceAppUITests;
				PRODUCT_NAME = "$(TARGET_NAME)";
				TEST_TARGET_NAME = PredixMobileReferenceApp;
				USES_XCTRUNNER = YES;
			};
			name = Release;
		};
/* End XCBuildConfiguration section */

/* Begin XCConfigurationList section */
		4F4409BF1B78FD5C00947FCC /* Build configuration list for PBXProject "PredixMobileReferenceApp" */ = {
			isa = XCConfigurationList;
			buildConfigurations = (
				4F4409EA1B78FD5C00947FCC /* Debug */,
				4F4409EB1B78FD5C00947FCC /* Release */,
			);
			defaultConfigurationIsVisible = 0;
			defaultConfigurationName = Release;
		};
		4F4409EC1B78FD5C00947FCC /* Build configuration list for PBXNativeTarget "PredixMobileReferenceApp" */ = {
			isa = XCConfigurationList;
			buildConfigurations = (
				4F4409ED1B78FD5C00947FCC /* Debug */,
				4F4409EE1B78FD5C00947FCC /* Release */,
			);
			defaultConfigurationIsVisible = 0;
			defaultConfigurationName = Release;
		};
		4F4409EF1B78FD5C00947FCC /* Build configuration list for PBXNativeTarget "PredixMobileReferenceAppTests" */ = {
			isa = XCConfigurationList;
			buildConfigurations = (
				4F4409F01B78FD5C00947FCC /* Debug */,
				4F4409F11B78FD5C00947FCC /* Release */,
			);
			defaultConfigurationIsVisible = 0;
			defaultConfigurationName = Release;
		};
		4F4409F21B78FD5C00947FCC /* Build configuration list for PBXNativeTarget "PredixMobileReferenceAppUITests" */ = {
			isa = XCConfigurationList;
			buildConfigurations = (
				4F4409F31B78FD5C00947FCC /* Debug */,
				4F4409F41B78FD5C00947FCC /* Release */,
			);
			defaultConfigurationIsVisible = 0;
			defaultConfigurationName = Release;
		};
/* End XCConfigurationList section */
	};
	rootObject = 4F4409BC1B78FD5C00947FCC /* Project object */;
}
